
Microsoft Visual Studio Solution File, Format Version 11.00
# Visual Studio 2010
Project("{FAE04EC0-301F-11D3-BF4B-00C04F79EFBC}") = "CassandraJSONRepository", "CassandraJSONRepository\CassandraJSONRepository.csproj", "{43308025-F611-4804-AEE2-7F7002F56E12}"
EndProject
Project("{FAE04EC0-301F-11D3-BF4B-00C04F79EFBC}") = "CassandraJSONRepository.Tests", "CassandraJSONRepository.Tests\CassandraJSONRepository.Tests.csproj", "{0DC53E54-BFBF-436A-81FA-0B07C9ED17D8}"
EndProject
Global
	GlobalSection(SolutionConfigurationPlatforms) = preSolution
		Debug|Any CPU = Debug|Any CPU
		Release|Any CPU = Release|Any CPU
	EndGlobalSection
	GlobalSection(ProjectConfigurationPlatforms) = postSolution
		{0DC53E54-BFBF-436A-81FA-0B07C9ED17D8}.Debug|Any CPU.ActiveCfg = Debug|Any CPU
		{0DC53E54-BFBF-436A-81FA-0B07C9ED17D8}.Debug|Any CPU.Build.0 = Debug|Any CPU
		{0DC53E54-BFBF-436A-81FA-0B07C9ED17D8}.Release|Any CPU.ActiveCfg = Release|Any CPU
		{0DC53E54-BFBF-436A-81FA-0B07C9ED17D8}.Release|Any CPU.Build.0 = Release|Any CPU
		{43308025-F611-4804-AEE2-7F7002F56E12}.Debug|Any CPU.ActiveCfg = Debug|Any CPU
		{43308025-F611-4804-AEE2-7F7002F56E12}.Debug|Any CPU.Build.0 = Debug|Any CPU
		{43308025-F611-4804-AEE2-7F7002F56E12}.Release|Any CPU.ActiveCfg = Release|Any CPU
		{43308025-F611-4804-AEE2-7F7002F56E12}.Release|Any CPU.Build.0 = Release|Any CPU
	EndGlobalSection
	GlobalSection(MonoDevelopProperties) = preSolution
		StartupItem = CassandraJSONRepository\CassandraJSONRepository.csproj
	EndGlobalSection
EndGlobal
